
Microsoft Visual Studio Solution File, Format Version 12.00
Project("{F2A71F9B-5D33-465A-A702-920D77279786}") = "ReserveResource.TelegramBot", "ReserveResource.TelegramBot\ReserveResource.TelegramBot.fsproj", "{E71556B3-B8C9-47DA-BC9A-D91759785845}"
EndProject
Project("{F2A71F9B-5D33-465A-A702-920D77279786}") = "ReservingResource.Domain", "ReservingResource.Domain\ReservingResource.Domain.fsproj", "{F12E9D1C-0329-4037-8BC0-D20BD47B8A11}"
EndProject
Project("{F2A71F9B-5D33-465A-A702-920D77279786}") = "ReserveResource.Storage", "ReserveResource.Storage\ReserveResource.Storage.fsproj", "{DC7734FD-834F-482F-8F93-CE40CB5DB33D}"
EndProject
Global
	GlobalSection(SolutionConfigurationPlatforms) = preSolution
		Debug|Any CPU = Debug|Any CPU
		Release|Any CPU = Release|Any CPU
	EndGlobalSection
	GlobalSection(ProjectConfigurationPlatforms) = postSolution
		{E71556B3-B8C9-47DA-BC9A-D91759785845}.Debug|Any CPU.ActiveCfg = Debug|Any CPU
		{E71556B3-B8C9-47DA-BC9A-D91759785845}.Debug|Any CPU.Build.0 = Debug|Any CPU
		{E71556B3-B8C9-47DA-BC9A-D91759785845}.Release|Any CPU.ActiveCfg = Release|Any CPU
		{E71556B3-B8C9-47DA-BC9A-D91759785845}.Release|Any CPU.Build.0 = Release|Any CPU
		{F12E9D1C-0329-4037-8BC0-D20BD47B8A11}.Debug|Any CPU.ActiveCfg = Debug|Any CPU
		{F12E9D1C-0329-4037-8BC0-D20BD47B8A11}.Debug|Any CPU.Build.0 = Debug|Any CPU
		{F12E9D1C-0329-4037-8BC0-D20BD47B8A11}.Release|Any CPU.ActiveCfg = Release|Any CPU
		{F12E9D1C-0329-4037-8BC0-D20BD47B8A11}.Release|Any CPU.Build.0 = Release|Any CPU
		{DC7734FD-834F-482F-8F93-CE40CB5DB33D}.Debug|Any CPU.ActiveCfg = Debug|Any CPU
		{DC7734FD-834F-482F-8F93-CE40CB5DB33D}.Debug|Any CPU.Build.0 = Debug|Any CPU
		{DC7734FD-834F-482F-8F93-CE40CB5DB33D}.Release|Any CPU.ActiveCfg = Release|Any CPU
		{DC7734FD-834F-482F-8F93-CE40CB5DB33D}.Release|Any CPU.Build.0 = Release|Any CPU
	EndGlobalSection
EndGlobal
